
Microsoft Visual Studio Solution File, Format Version 12.00
# Visual Studio Version 17
VisualStudioVersion = 17.2.32630.192
MinimumVisualStudioVersion = 10.0.40219.1
Project("{FAE04EC0-301F-11D3-BF4B-00C04F79EFBC}") = "LeaveManagement.Web", "LeaveManagement.Web\LeaveManagement.Web.csproj", "{71D46DDE-339B-4FC8-801D-A6B0A91358E9}"
EndProject
Global
	GlobalSection(SolutionConfigurationPlatforms) = preSolution
		Debug|Any CPU = Debug|Any CPU
		Release|Any CPU = Release|Any CPU
	EndGlobalSection
	GlobalSection(ProjectConfigurationPlatforms) = postSolution
		{71D46DDE-339B-4FC8-801D-A6B0A91358E9}.Debug|Any CPU.ActiveCfg = Debug|Any CPU
		{71D46DDE-339B-4FC8-801D-A6B0A91358E9}.Debug|Any CPU.Build.0 = Debug|Any CPU
		{71D46DDE-339B-4FC8-801D-A6B0A91358E9}.Release|Any CPU.ActiveCfg = Release|Any CPU
		{71D46DDE-339B-4FC8-801D-A6B0A91358E9}.Release|Any CPU.Build.0 = Release|Any CPU
	EndGlobalSection
	GlobalSection(SolutionProperties) = preSolution
		HideSolutionNode = FALSE
	EndGlobalSection
	GlobalSection(ExtensibilityGlobals) = postSolution
		SolutionGuid = {8C6CC283-74A4-45EC-A235-CA03717943C5}
	EndGlobalSection
EndGlobal
